
Microsoft Visual Studio Solution File, Format Version 12.00
# Visual Studio Version 16
VisualStudioVersion = 16.0.29503.13
MinimumVisualStudioVersion = 10.0.40219.1
Project("{FAE04EC0-301F-11D3-BF4B-00C04F79EFBC}") = "AkademiaV2", "AkademiaV2.csproj", "{88A92553-1B72-4942-A415-9E3839587C7F}"
EndProject
Global
	GlobalSection(SolutionConfigurationPlatforms) = preSolution
		Debug|Any CPU = Debug|Any CPU
		Release|Any CPU = Release|Any CPU
	EndGlobalSection
	GlobalSection(ProjectConfigurationPlatforms) = postSolution
		{88A92553-1B72-4942-A415-9E3839587C7F}.Debug|Any CPU.ActiveCfg = Debug|Any CPU
		{88A92553-1B72-4942-A415-9E3839587C7F}.Debug|Any CPU.Build.0 = Debug|Any CPU
		{88A92553-1B72-4942-A415-9E3839587C7F}.Release|Any CPU.ActiveCfg = Release|Any CPU
		{88A92553-1B72-4942-A415-9E3839587C7F}.Release|Any CPU.Build.0 = Release|Any CPU
	EndGlobalSection
	GlobalSection(SolutionProperties) = preSolution
		HideSolutionNode = FALSE
	EndGlobalSection
	GlobalSection(ExtensibilityGlobals) = postSolution
		SolutionGuid = {CCD16B8F-C539-4FEE-A3B6-35EE9BFF57B2}
	EndGlobalSection
EndGlobal
